// !$*UTF8*$!
{
	archiveVersion = 1;
	classes = {
	};
	objectVersion = 46;
	objects = {

/* Begin PBXBuildFile section */
		15252AA21EFDF37C00960B58 /* AppDelegate.swift in Sources */ = {isa = PBXBuildFile; fileRef = 15252AA11EFDF37C00960B58 /* AppDelegate.swift */; };
		15252AA41EFDF37C00960B58 /* ViewController.swift in Sources */ = {isa = PBXBuildFile; fileRef = 15252AA31EFDF37C00960B58 /* ViewController.swift */; };
		15252AA71EFDF37C00960B58 /* Main.storyboard in Resources */ = {isa = PBXBuildFile; fileRef = 15252AA51EFDF37C00960B58 /* Main.storyboard */; };
		15252AA91EFDF37C00960B58 /* Assets.xcassets in Resources */ = {isa = PBXBuildFile; fileRef = 15252AA81EFDF37C00960B58 /* Assets.xcassets */; };
		15252AAC1EFDF37C00960B58 /* LaunchScreen.storyboard in Resources */ = {isa = PBXBuildFile; fileRef = 15252AAA1EFDF37C00960B58 /* LaunchScreen.storyboard */; };
		15252ABA1EFDF42200960B58 /* FMImageLoader.swift in Sources */ = {isa = PBXBuildFile; fileRef = 15252AB81EFDF42200960B58 /* FMImageLoader.swift */; };
		15252ABB1EFDF42200960B58 /* FMNetCommonValue.swift in Sources */ = {isa = PBXBuildFile; fileRef = 15252AB91EFDF42200960B58 /* FMNetCommonValue.swift */; };
		15EB979A1F14C3D7004D4A58 /* CommonFunc.swift in Sources */ = {isa = PBXBuildFile; fileRef = 15EB97981F14C3D7004D4A58 /* CommonFunc.swift */; };
		15EB979B1F14C3D7004D4A58 /* FMNetManager.swift in Sources */ = {isa = PBXBuildFile; fileRef = 15EB97991F14C3D7004D4A58 /* FMNetManager.swift */; };
/* End PBXBuildFile section */

/* Begin PBXFileReference section */
		15252A9E1EFDF37C00960B58 /* FMImageLoader.app */ = {isa = PBXFileReference; explicitFileType = wrapper.application; includeInIndex = 0; path = FMImageLoader.app; sourceTree = BUILT_PRODUCTS_DIR; };
		15252AA11EFDF37C00960B58 /* AppDelegate.swift */ = {isa = PBXFileReference; lastKnownFileType = sourcecode.swift; path = AppDelegate.swift; sourceTree = "<group>"; };
		15252AA31EFDF37C00960B58 /* ViewController.swift */ = {isa = PBXFileReference; lastKnownFileType = sourcecode.swift; path = ViewController.swift; sourceTree = "<group>"; };
		15252AA61EFDF37C00960B58 /* Base */ = {isa = PBXFileReference; lastKnownFileType = file.storyboard; name = Base; path = Base.lproj/Main.storyboard; sourceTree = "<group>"; };
		15252AA81EFDF37C00960B58 /* Assets.xcassets */ = {isa = PBXFileReference; lastKnownFileType = folder.assetcatalog; path = Assets.xcassets; sourceTree = "<group>"; };
		15252AAB1EFDF37C00960B58 /* Base */ = {isa = PBXFileReference; lastKnownFileType = file.storyboard; name = Base; path = Base.lproj/LaunchScreen.storyboard; sourceTree = "<group>"; };
		15252AAD1EFDF37C00960B58 /* Info.plist */ = {isa = PBXFileReference; lastKnownFileType = text.plist.xml; path = Info.plist; sourceTree = "<group>"; };
		15252AB31EFDF3E600960B58 /* FMImageLoader-Bridging-Header.h */ = {isa = PBXFileReference; lastKnownFileType = sourcecode.c.h; path = "FMImageLoader-Bridging-Header.h"; sourceTree = "<group>"; };
		15252AB81EFDF42200960B58 /* FMImageLoader.swift */ = {isa = PBXFileReference; fileEncoding = 4; lastKnownFileType = sourcecode.swift; path = FMImageLoader.swift; sourceTree = "<group>"; };
		15252AB91EFDF42200960B58 /* FMNetCommonValue.swift */ = {isa = PBXFileReference; fileEncoding = 4; lastKnownFileType = sourcecode.swift; path = FMNetCommonValue.swift; sourceTree = "<group>"; };
		15EB97981F14C3D7004D4A58 /* CommonFunc.swift */ = {isa = PBXFileReference; fileEncoding = 4; lastKnownFileType = sourcecode.swift; path = CommonFunc.swift; sourceTree = "<group>"; };
		15EB97991F14C3D7004D4A58 /* FMNetManager.swift */ = {isa = PBXFileReference; fileEncoding = 4; lastKnownFileType = sourcecode.swift; path = FMNetManager.swift; sourceTree = "<group>"; };
/* End PBXFileReference section */

/* Begin PBXFrameworksBuildPhase section */
		15252A9B1EFDF37C00960B58 /* Frameworks */ = {
			isa = PBXFrameworksBuildPhase;
			buildActionMask = 2147483647;
			files = (
			);
			runOnlyForDeploymentPostprocessing = 0;
		};
/* End PBXFrameworksBuildPhase section */

/* Begin PBXGroup section */
		15252A951EFDF37C00960B58 = {
			isa = PBXGroup;
			children = (
				15252AA01EFDF37C00960B58 /* FMImageLoader */,
				15252A9F1EFDF37C00960B58 /* Products */,
			);
			sourceTree = "<group>";
		};
		15252A9F1EFDF37C00960B58 /* Products */ = {
			isa = PBXGroup;
			children = (
				15252A9E1EFDF37C00960B58 /* FMImageLoader.app */,
			);
			name = Products;
			sourceTree = "<group>";
		};
		15252AA01EFDF37C00960B58 /* FMImageLoader */ = {
			isa = PBXGroup;
			children = (
				15252AB71EFDF42200960B58 /* Class */,
				15252AA11EFDF37C00960B58 /* AppDelegate.swift */,
				15252AA31EFDF37C00960B58 /* ViewController.swift */,
				15252AA51EFDF37C00960B58 /* Main.storyboard */,
				15252AA81EFDF37C00960B58 /* Assets.xcassets */,
				15252AAA1EFDF37C00960B58 /* LaunchScreen.storyboard */,
				15252AAD1EFDF37C00960B58 /* Info.plist */,
				15252AB31EFDF3E600960B58 /* FMImageLoader-Bridging-Header.h */,
			);
			path = FMImageLoader;
			sourceTree = "<group>";
		};
		15252AB71EFDF42200960B58 /* Class */ = {
			isa = PBXGroup;
			children = (
				15EB97981F14C3D7004D4A58 /* CommonFunc.swift */,
				15EB97991F14C3D7004D4A58 /* FMNetManager.swift */,
				15252AB81EFDF42200960B58 /* FMImageLoader.swift */,
				15252AB91EFDF42200960B58 /* FMNetCommonValue.swift */,
			);
			path = Class;
			sourceTree = SOURCE_ROOT;
		};
/* End PBXGroup section */

/* Begin PBXNativeTarget section */
		15252A9D1EFDF37C00960B58 /* FMImageLoader */ = {
			isa = PBXNativeTarget;
			buildConfigurationList = 15252AB01EFDF37C00960B58 /* Build configuration list for PBXNativeTarget "FMImageLoader" */;
			buildPhases = (
				15252A9A1EFDF37C00960B58 /* Sources */,
				15252A9B1EFDF37C00960B58 /* Frameworks */,
				15252A9C1EFDF37C00960B58 /* Resources */,
			);
			buildRules = (
			);
			dependencies = (
			);
			name = FMImageLoader;
			productName = FMImageLoader;
			productReference = 15252A9E1EFDF37C00960B58 /* FMImageLoader.app */;
			productType = "com.apple.product-type.application";
		};
/* End PBXNativeTarget section */

/* Begin PBXProject section */
		15252A961EFDF37C00960B58 /* Project object */ = {
			isa = PBXProject;
			attributes = {
				LastSwiftUpdateCheck = 0820;
				LastUpgradeCheck = 0820;
				ORGANIZATIONNAME = "周发明";
				TargetAttributes = {
					15252A9D1EFDF37C00960B58 = {
						CreatedOnToolsVersion = 8.2;
						DevelopmentTeam = 5FVZG33394;
						LastSwiftMigration = 0820;
						ProvisioningStyle = Automatic;
					};
				};
			};
			buildConfigurationList = 15252A991EFDF37C00960B58 /* Build configuration list for PBXProject "FMImageLoader" */;
			compatibilityVersion = "Xcode 3.2";
			developmentRegion = English;
			hasScannedForEncodings = 0;
			knownRegions = (
				en,
				Base,
			);
			mainGroup = 15252A951EFDF37C00960B58;
			productRefGroup = 15252A9F1EFDF37C00960B58 /* Products */;
			projectDirPath = "";
			projectRoot = "";
			targets = (
				15252A9D1EFDF37C00960B58 /* FMImageLoader */,
			);
		};
/* End PBXProject section */

/* Begin PBXResourcesBuildPhase section */
		15252A9C1EFDF37C00960B58 /* Resources */ = {
			isa = PBXResourcesBuildPhase;
			buildActionMask = 2147483647;
			files = (
				15252AAC1EFDF37C00960B58 /* LaunchScreen.storyboard in Resources */,
				15252AA91EFDF37C00960B58 /* Assets.xcassets in Resources */,
				15252AA71EFDF37C00960B58 /* Main.storyboard in Resources */,
			);
			runOnlyForDeploymentPostprocessing = 0;
		};
/* End PBXResourcesBuildPhase section */

/* Begin PBXSourcesBuildPhase section */
		15252A9A1EFDF37C00960B58 /* Sources */ = {
			isa = PBXSourcesBuildPhase;
			buildActionMask = 2147483647;
			files = (
				15EB979B1F14C3D7004D4A58 /* FMNetManager.swift in Sources */,
				15EB979A1F14C3D7004D4A58 /* CommonFunc.swift in Sources */,
				15252ABA1EFDF42200960B58 /* FMImageLoader.swift in Sources */,
				15252ABB1EFDF42200960B58 /* FMNetCommonValue.swift in Sources */,
				15252AA41EFDF37C00960B58 /* ViewController.swift in Sources */,
				15252AA21EFDF37C00960B58 /* AppDelegate.swift in Sources */,
			);
			runOnlyForDeploymentPostprocessing = 0;
		};
/* End PBXSourcesBuildPhase section */

/* Begin PBXVariantGroup section */
		15252AA51EFDF37C00960B58 /* Main.storyboard */ = {
			isa = PBXVariantGroup;
			children = (
				15252AA61EFDF37C00960B58 /* Base */,
			);
			name = Main.storyboard;
			sourceTree = "<group>";
		};
		15252AAA1EFDF37C00960B58 /* LaunchScreen.storyboard */ = {
			isa = PBXVariantGroup;
			children = (
				15252AAB1EFDF37C00960B58 /* Base */,
			);
			name = LaunchScreen.storyboard;
			sourceTree = "<group>";
		};
/* End PBXVariantGroup section */

/* Begin XCBuildConfiguration section */
		15252AAE1EFDF37C00960B58 /* Debug */ = {
			isa = XCBuildConfiguration;
			buildSettings = {
				ALWAYS_SEARCH_USER_PATHS = NO;
				CLANG_ANALYZER_NONNULL = YES;
				CLANG_CXX_LANGUAGE_STANDARD = "gnu++0x";
				CLANG_CXX_LIBRARY = "libc++";
				CLANG_ENABLE_MODULES = YES;
				CLANG_ENABLE_OBJC_ARC = YES;
				CLANG_WARN_BOOL_CONVERSION = YES;
				CLANG_WARN_CONSTANT_CONVERSION = YES;
				CLANG_WARN_DIRECT_OBJC_ISA_USAGE = YES_ERROR;
				CLANG_WARN_DOCUMENTATION_COMMENTS = YES;
				CLANG_WARN_EMPTY_BODY = YES;
				CLANG_WARN_ENUM_CONVERSION = YES;
				CLANG_WARN_INFINITE_RECURSION = YES;
				CLANG_WARN_INT_CONVERSION = YES;
				CLANG_WARN_OBJC_ROOT_CLASS = YES_ERROR;
				CLANG_WARN_SUSPICIOUS_MOVE = YES;
				CLANG_WARN_UNREACHABLE_CODE = YES;
				CLANG_WARN__DUPLICATE_METHOD_MATCH = YES;
				"CODE_SIGN_IDENTITY[sdk=iphoneos*]" = "iPhone Developer";
				COPY_PHASE_STRIP = NO;
				DEBUG_INFORMATION_FORMAT = dwarf;
				ENABLE_STRICT_OBJC_MSGSEND = YES;
				ENABLE_TESTABILITY = YES;
				GCC_C_LANGUAGE_STANDARD = gnu99;
				GCC_DYNAMIC_NO_PIC = NO;
				GCC_NO_COMMON_BLOCKS = YES;
				GCC_OPTIMIZATION_LEVEL = 0;
				GCC_PREPROCESSOR_DEFINITIONS = (
					"DEBUG=1",
					"$(inherited)",
				);
				GCC_WARN_64_TO_32_BIT_CONVERSION = YES;
				GCC_WARN_ABOUT_RETURN_TYPE = YES_ERROR;
				GCC_WARN_UNDECLARED_SELECTOR = YES;
				GCC_WARN_UNINITIALIZED_AUTOS = YES_AGGRESSIVE;
				GCC_WARN_UNUSED_FUNCTION = YES;
				GCC_WARN_UNUSED_VARIABLE = YES;
				IPHONEOS_DEPLOYMENT_TARGET = 10.2;
				MTL_ENABLE_DEBUG_INFO = YES;
				ONLY_ACTIVE_ARCH = YES;
				SDKROOT = iphoneos;
				SWIFT_ACTIVE_COMPILATION_CONDITIONS = DEBUG;
				SWIFT_OPTIMIZATION_LEVEL = "-Onone";
			};
			name = Debug;
		};
		15252AAF1EFDF37C00960B58 /* Release */ = {
			isa = XCBuildConfiguration;
			buildSettings = {
				ALWAYS_SEARCH_USER_PATHS = NO;
				CLANG_ANALYZER_NONNULL = YES;
				CLANG_CXX_LANGUAGE_STANDARD = "gnu++0x";
				CLANG_CXX_LIBRARY = "libc++";
				CLANG_ENABLE_MODULES = YES;
				CLANG_ENABLE_OBJC_ARC = YES;
				CLANG_WARN_BOOL_CONVERSION = YES;
				CLANG_WARN_CONSTANT_CONVERSION = YES;
				CLANG_WARN_DIRECT_OBJC_ISA_USAGE = YES_ERROR;
				CLANG_WARN_DOCUMENTATION_COMMENTS = YES;
				CLANG_WARN_EMPTY_BODY = YES;
				CLANG_WARN_ENUM_CONVERSION = YES;
				CLANG_WARN_INFINITE_RECURSION = YES;
				CLANG_WARN_INT_CONVERSION = YES;
				CLANG_WARN_OBJC_ROOT_CLASS = YES_ERROR;
				CLANG_WARN_SUSPICIOUS_MOVE = YES;
				CLANG_WARN_UNREACHABLE_CODE = YES;
				CLANG_WARN__DUPLICATE_METHOD_MATCH = YES;
				"CODE_SIGN_IDENTITY[sdk=iphoneos*]" = "iPhone Developer";
				COPY_PHASE_STRIP = NO;
				DEBUG_INFORMATION_FORMAT = "dwarf-with-dsym";
				ENABLE_NS_ASSERTIONS = NO;
				ENABLE_STRICT_OBJC_MSGSEND = YES;
				GCC_C_LANGUAGE_STANDARD = gnu99;
				GCC_NO_COMMON_BLOCKS = YES;
				GCC_WARN_64_TO_32_BIT_CONVERSION = YES;
				GCC_WARN_ABOUT_RETURN_TYPE = YES_ERROR;
				GCC_WARN_UNDECLARED_SELECTOR = YES;
				GCC_WARN_UNINITIALIZED_AUTOS = YES_AGGRESSIVE;
				GCC_WARN_UNUSED_FUNCTION = YES;
				GCC_WARN_UNUSED_VARIABLE = YES;
				IPHONEOS_DEPLOYMENT_TARGET = 10.2;
				MTL_ENABLE_DEBUG_INFO = NO;
				SDKROOT = iphoneos;
				SWIFT_OPTIMIZATION_LEVEL = "-Owholemodule";
				VALIDATE_PRODUCT = YES;
			};
			name = Release;
		};
		15252AB11EFDF37C00960B58 /* Debug */ = {
			isa = XCBuildConfiguration;
			buildSettings = {
				ASSETCATALOG_COMPILER_APPICON_NAME = AppIcon;
				CLANG_ENABLE_MODULES = YES;
				DEVELOPMENT_TEAM = 5FVZG33394;
				INFOPLIST_FILE = FMImageLoader/Info.plist;
				LD_RUNPATH_SEARCH_PATHS = "$(inherited) @executable_path/Frameworks";
				PRODUCT_BUNDLE_IDENTIFIER = com.zfm.FMImageLoader;
				PRODUCT_NAME = "$(TARGET_NAME)";
				SWIFT_OBJC_BRIDGING_HEADER = "FMImageLoader/FMImageLoader-Bridging-Header.h";
				SWIFT_OPTIMIZATION_LEVEL = "-Onone";
				SWIFT_VERSION = 3.0;
			};
			name = Debug;
		};
		15252AB21EFDF37C00960B58 /* Release */ = {
			isa = XCBuildConfiguration;
			buildSettings = {
				ASSETCATALOG_COMPILER_APPICON_NAME = AppIcon;
				CLANG_ENABLE_MODULES = YES;
				DEVELOPMENT_TEAM = 5FVZG33394;
				INFOPLIST_FILE = FMImageLoader/Info.plist;
				LD_RUNPATH_SEARCH_PATHS = "$(inherited) @executable_path/Frameworks";
				PRODUCT_BUNDLE_IDENTIFIER = com.zfm.FMImageLoader;
				PRODUCT_NAME = "$(TARGET_NAME)";
				SWIFT_OBJC_BRIDGING_HEADER = "FMImageLoader/FMImageLoader-Bridging-Header.h";
				SWIFT_VERSION = 3.0;
			};
			name = Release;
		};
/* End XCBuildConfiguration section */

/* Begin XCConfigurationList section */
		15252A991EFDF37C00960B58 /* Build configuration list for PBXProject "FMImageLoader" */ = {
			isa = XCConfigurationList;
			buildConfigurations = (
				15252AAE1EFDF37C00960B58 /* Debug */,
				15252AAF1EFDF37C00960B58 /* Release */,
			);
			defaultConfigurationIsVisible = 0;
			defaultConfigurationName = Release;
		};
		15252AB01EFDF37C00960B58 /* Build configuration list for PBXNativeTarget "FMImageLoader" */ = {
			isa = XCConfigurationList;
			buildConfigurations = (
				15252AB11EFDF37C00960B58 /* Debug */,
				15252AB21EFDF37C00960B58 /* Release */,
			);
			defaultConfigurationIsVisible = 0;
			defaultConfigurationName = Release;
		};
/* End XCConfigurationList section */
	};
	rootObject = 15252A961EFDF37C00960B58 /* Project object */;
}
